{
  "version": 4,
  "terraform_version": "1.5.5",
  "serial": 76,
  "lineage": "d4334321-0983-c975-8de8-1a2e1bfec265",
  "outputs": {},
  "resources": [
    {
      "mode": "managed",
      "type": "azurerm_managed_disk",
      "name": "tf-vm01dd01",
      "provider": "provider[\"registry.terraform.io/hashicorp/azurerm\"]",
      "instances": [
        {
          "schema_version": 1,
          "attributes": {
            "create_option": "Empty",
            "disk_access_id": "",
            "disk_encryption_set_id": "",
            "disk_iops_read_only": 0,
            "disk_iops_read_write": 500,
            "disk_mbps_read_only": 0,
            "disk_mbps_read_write": 60,
            "disk_size_gb": 4,
            "edge_zone": "",
            "encryption_settings": [],
            "gallery_image_reference_id": "",
            "hyper_v_generation": "",
            "id": "/subscriptions/c810a66c-99ba-4a2b-9b4a-0ceacd9e1447/resourceGroups/tstvmrg/providers/Microsoft.Compute/disks/tstwvm01-dd01",
            "image_reference_id": "",
            "location": "centralus",
            "logical_sector_size": null,
            "max_shares": 0,
            "name": "tstwvm01-dd01",
            "network_access_policy": null,
            "on_demand_bursting_enabled": false,
            "os_type": "",
            "public_network_access_enabled": true,
            "resource_group_name": "tstvmrg",
            "secure_vm_disk_encryption_set_id": "",
            "security_type": "",
            "source_resource_id": "",
            "source_uri": "",
            "storage_account_id": "",
            "storage_account_type": "Standard_LRS",
            "tags": null,
            "tier": "",
            "timeouts": null,
            "trusted_launch_enabled": false,
            "upload_size_bytes": 0,
            "zone": ""
          },
          "sensitive_attributes": [],
          "private": "eyJlMmJmYjczMC1lY2FhLTExZTYtOGY4OC0zNDM2M2JjN2M0YzAiOnsiY3JlYXRlIjoxODAwMDAwMDAwMDAwLCJkZWxldGUiOjE4MDAwMDAwMDAwMDAsInJlYWQiOjMwMDAwMDAwMDAwMCwidXBkYXRlIjoxODAwMDAwMDAwMDAwfSwic2NoZW1hX3ZlcnNpb24iOiIxIn0=",
          "dependencies": [
            "azurerm_resource_group.tf-vmrg01"
          ]
        }
      ]
    },
    {
      "mode": "managed",
      "type": "azurerm_network_interface",
      "name": "tf-vm01nic",
      "provider": "provider[\"registry.terraform.io/hashicorp/azurerm\"]",
      "instances": [
        {
          "schema_version": 0,
          "attributes": {
            "applied_dns_servers": [],
            "dns_servers": [],
            "edge_zone": "",
            "enable_accelerated_networking": false,
            "enable_ip_forwarding": false,
            "id": "/subscriptions/c810a66c-99ba-4a2b-9b4a-0ceacd9e1447/resourceGroups/tstvmrg/providers/Microsoft.Network/networkInterfaces/tstwvm01-nic",
            "internal_dns_name_label": "",
            "internal_domain_name_suffix": "abax3njzhupenbdpxkybz24gqf.gx.internal.cloudapp.net",
            "ip_configuration": [
              {
                "gateway_load_balancer_frontend_ip_configuration_id": "",
                "name": "internal",
                "primary": true,
                "private_ip_address": "10.1.0.4",
                "private_ip_address_allocation": "Dynamic",
                "private_ip_address_version": "IPv4",
                "public_ip_address_id": "/subscriptions/c810a66c-99ba-4a2b-9b4a-0ceacd9e1447/resourceGroups/tstvmrg/providers/Microsoft.Network/publicIPAddresses/tstwvm01-pubip",
                "subnet_id": "/subscriptions/c810a66c-99ba-4a2b-9b4a-0ceacd9e1447/resourceGroups/vnetrg01/providers/Microsoft.Network/virtualNetworks/VNetA/subnets/Public_Subnet"
              }
            ],
            "location": "centralus",
            "mac_address": "",
            "name": "tstwvm01-nic",
            "private_ip_address": "10.1.0.4",
            "private_ip_addresses": [
              "10.1.0.4"
            ],
            "resource_group_name": "tstvmrg",
            "tags": null,
            "timeouts": null,
            "virtual_machine_id": ""
          },
          "sensitive_attributes": [],
          "private": "eyJlMmJmYjczMC1lY2FhLTExZTYtOGY4OC0zNDM2M2JjN2M0YzAiOnsiY3JlYXRlIjoxODAwMDAwMDAwMDAwLCJkZWxldGUiOjE4MDAwMDAwMDAwMDAsInJlYWQiOjMwMDAwMDAwMDAwMCwidXBkYXRlIjoxODAwMDAwMDAwMDAwfX0=",
          "dependencies": [
            "azurerm_public_ip.tf-vm01pubip",
            "azurerm_resource_group.tf-vmrg01",
            "azurerm_resource_group.tf-vnetrg01",
            "azurerm_subnet.tf-sbt01",
            "azurerm_virtual_network.tf-vnet01"
          ]
        }
      ]
    },
    {
      "mode": "managed",
      "type": "azurerm_network_interface",
      "name": "tf-vm02nic",
      "provider": "provider[\"registry.terraform.io/hashicorp/azurerm\"]",
      "instances": [
        {
          "schema_version": 0,
          "attributes": {
            "applied_dns_servers": [],
            "dns_servers": [],
            "edge_zone": "",
            "enable_accelerated_networking": false,
            "enable_ip_forwarding": false,
            "id": "/subscriptions/c810a66c-99ba-4a2b-9b4a-0ceacd9e1447/resourceGroups/tstvmrg/providers/Microsoft.Network/networkInterfaces/tstwvm02-nic",
            "internal_dns_name_label": "",
            "internal_domain_name_suffix": "abax3njzhupenbdpxkybz24gqf.gx.internal.cloudapp.net",
            "ip_configuration": [
              {
                "gateway_load_balancer_frontend_ip_configuration_id": "",
                "name": "internal",
                "primary": true,
                "private_ip_address": "10.1.0.20",
                "private_ip_address_allocation": "Dynamic",
                "private_ip_address_version": "IPv4",
                "public_ip_address_id": "",
                "subnet_id": "/subscriptions/c810a66c-99ba-4a2b-9b4a-0ceacd9e1447/resourceGroups/vnetrg01/providers/Microsoft.Network/virtualNetworks/VNetA/subnets/Private_Subnet"
              }
            ],
            "location": "centralus",
            "mac_address": "",
            "name": "tstwvm02-nic",
            "private_ip_address": "10.1.0.20",
            "private_ip_addresses": [
              "10.1.0.20"
            ],
            "resource_group_name": "tstvmrg",
            "tags": null,
            "timeouts": null,
            "virtual_machine_id": ""
          },
          "sensitive_attributes": [],
          "private": "eyJlMmJmYjczMC1lY2FhLTExZTYtOGY4OC0zNDM2M2JjN2M0YzAiOnsiY3JlYXRlIjoxODAwMDAwMDAwMDAwLCJkZWxldGUiOjE4MDAwMDAwMDAwMDAsInJlYWQiOjMwMDAwMDAwMDAwMCwidXBkYXRlIjoxODAwMDAwMDAwMDAwfX0=",
          "dependencies": [
            "azurerm_resource_group.tf-vmrg01",
            "azurerm_resource_group.tf-vnetrg01",
            "azurerm_subnet.tf-sbt02",
            "azurerm_virtual_network.tf-vnet01"
          ]
        }
      ]
    },
    {
      "mode": "managed",
      "type": "azurerm_network_security_group",
      "name": "tf-nsg01",
      "provider": "provider[\"registry.terraform.io/hashicorp/azurerm\"]",
      "instances": [
        {
          "schema_version": 0,
          "attributes": {
            "id": "/subscriptions/c810a66c-99ba-4a2b-9b4a-0ceacd9e1447/resourceGroups/vnetrg01/providers/Microsoft.Network/networkSecurityGroups/tstwvm01_pub_nsg",
            "location": "centralus",
            "name": "tstwvm01_pub_nsg",
            "resource_group_name": "vnetrg01",
            "security_rule": [
              {
                "access": "Allow",
                "description": "",
                "destination_address_prefix": "*",
                "destination_address_prefixes": [],
                "destination_application_security_group_ids": [],
                "destination_port_range": "3389",
                "destination_port_ranges": [],
                "direction": "Inbound",
                "name": "myiptovm01custom3389",
                "priority": 300,
                "protocol": "Tcp",
                "source_address_prefix": "99.248.178.39",
                "source_address_prefixes": [],
                "source_application_security_group_ids": [],
                "source_port_range": "*",
                "source_port_ranges": []
              }
            ],
            "tags": null,
            "timeouts": null
          },
          "sensitive_attributes": [],
          "private": "eyJlMmJmYjczMC1lY2FhLTExZTYtOGY4OC0zNDM2M2JjN2M0YzAiOnsiY3JlYXRlIjoxODAwMDAwMDAwMDAwLCJkZWxldGUiOjE4MDAwMDAwMDAwMDAsInJlYWQiOjMwMDAwMDAwMDAwMCwidXBkYXRlIjoxODAwMDAwMDAwMDAwfX0=",
          "dependencies": [
            "azurerm_resource_group.tf-vnetrg01"
          ]
        }
      ]
    },
    {
      "mode": "managed",
      "type": "azurerm_network_security_group",
      "name": "tf-nsg02",
      "provider": "provider[\"registry.terraform.io/hashicorp/azurerm\"]",
      "instances": [
        {
          "schema_version": 0,
          "attributes": {
            "id": "/subscriptions/c810a66c-99ba-4a2b-9b4a-0ceacd9e1447/resourceGroups/vnetrg01/providers/Microsoft.Network/networkSecurityGroups/tstwvm02_pri_nsg",
            "location": "centralus",
            "name": "tstwvm02_pri_nsg",
            "resource_group_name": "vnetrg01",
            "security_rule": [
              {
                "access": "Allow",
                "description": "",
                "destination_address_prefix": "10.1.0.16",
                "destination_address_prefixes": [],
                "destination_application_security_group_ids": [],
                "destination_port_range": "3389",
                "destination_port_ranges": [],
                "direction": "Inbound",
                "name": "vm01tovm02custom3389",
                "priority": 301,
                "protocol": "Tcp",
                "source_address_prefix": "10.1.0.0",
                "source_address_prefixes": [],
                "source_application_security_group_ids": [],
                "source_port_range": "*",
                "source_port_ranges": []
              }
            ],
            "tags": null,
            "timeouts": null
          },
          "sensitive_attributes": [],
          "private": "eyJlMmJmYjczMC1lY2FhLTExZTYtOGY4OC0zNDM2M2JjN2M0YzAiOnsiY3JlYXRlIjoxODAwMDAwMDAwMDAwLCJkZWxldGUiOjE4MDAwMDAwMDAwMDAsInJlYWQiOjMwMDAwMDAwMDAwMCwidXBkYXRlIjoxODAwMDAwMDAwMDAwfX0=",
          "dependencies": [
            "azurerm_resource_group.tf-vnetrg01"
          ]
        }
      ]
    },
    {
      "mode": "managed",
      "type": "azurerm_public_ip",
      "name": "tf-vm01pubip",
      "provider": "provider[\"registry.terraform.io/hashicorp/azurerm\"]",
      "instances": [
        {
          "schema_version": 0,
          "attributes": {
            "allocation_method": "Static",
            "ddos_protection_mode": "VirtualNetworkInherited",
            "ddos_protection_plan_id": null,
            "domain_name_label": null,
            "edge_zone": "",
            "fqdn": null,
            "id": "/subscriptions/c810a66c-99ba-4a2b-9b4a-0ceacd9e1447/resourceGroups/tstvmrg/providers/Microsoft.Network/publicIPAddresses/tstwvm01-pubip",
            "idle_timeout_in_minutes": 4,
            "ip_address": "40.69.185.234",
            "ip_tags": null,
            "ip_version": "IPv4",
            "location": "centralus",
            "name": "tstwvm01-pubip",
            "public_ip_prefix_id": null,
            "resource_group_name": "tstvmrg",
            "reverse_fqdn": null,
            "sku": "Basic",
            "sku_tier": "Regional",
            "tags": null,
            "timeouts": null,
            "zones": null
          },
          "sensitive_attributes": [],
          "private": "eyJlMmJmYjczMC1lY2FhLTExZTYtOGY4OC0zNDM2M2JjN2M0YzAiOnsiY3JlYXRlIjoxODAwMDAwMDAwMDAwLCJkZWxldGUiOjE4MDAwMDAwMDAwMDAsInJlYWQiOjMwMDAwMDAwMDAwMCwidXBkYXRlIjoxODAwMDAwMDAwMDAwfX0=",
          "dependencies": [
            "azurerm_resource_group.tf-vmrg01"
          ]
        }
      ]
    },
    {
      "mode": "managed",
      "type": "azurerm_resource_group",
      "name": "tf-vmrg01",
      "provider": "provider[\"registry.terraform.io/hashicorp/azurerm\"]",
      "instances": [
        {
          "schema_version": 0,
          "attributes": {
            "id": "/subscriptions/c810a66c-99ba-4a2b-9b4a-0ceacd9e1447/resourceGroups/tstvmrg",
            "location": "centralus",
            "managed_by": "",
            "name": "tstvmrg",
            "tags": {
              "Created by": "Terraform",
              "Env": "Testing",
              "Owner": "Shashank"
            },
            "timeouts": null
          },
          "sensitive_attributes": [],
          "private": "eyJlMmJmYjczMC1lY2FhLTExZTYtOGY4OC0zNDM2M2JjN2M0YzAiOnsiY3JlYXRlIjo1NDAwMDAwMDAwMDAwLCJkZWxldGUiOjU0MDAwMDAwMDAwMDAsInJlYWQiOjMwMDAwMDAwMDAwMCwidXBkYXRlIjo1NDAwMDAwMDAwMDAwfX0="
        }
      ]
    },
    {
      "mode": "managed",
      "type": "azurerm_resource_group",
      "name": "tf-vnetrg01",
      "provider": "provider[\"registry.terraform.io/hashicorp/azurerm\"]",
      "instances": [
        {
          "schema_version": 0,
          "attributes": {
            "id": "/subscriptions/c810a66c-99ba-4a2b-9b4a-0ceacd9e1447/resourceGroups/vnetrg01",
            "location": "centralus",
            "managed_by": "",
            "name": "vnetrg01",
            "tags": {
              "Created by": "Terraform",
              "Env": "Testing",
              "Owner": "Shashank"
            },
            "timeouts": null
          },
          "sensitive_attributes": [],
          "private": "eyJlMmJmYjczMC1lY2FhLTExZTYtOGY4OC0zNDM2M2JjN2M0YzAiOnsiY3JlYXRlIjo1NDAwMDAwMDAwMDAwLCJkZWxldGUiOjU0MDAwMDAwMDAwMDAsInJlYWQiOjMwMDAwMDAwMDAwMCwidXBkYXRlIjo1NDAwMDAwMDAwMDAwfX0="
        }
      ]
    },
    {
      "mode": "managed",
      "type": "azurerm_subnet",
      "name": "tf-sbt01",
      "provider": "provider[\"registry.terraform.io/hashicorp/azurerm\"]",
      "instances": [
        {
          "schema_version": 0,
          "attributes": {
            "address_prefixes": [
              "10.1.0.0/28"
            ],
            "delegation": [],
            "enforce_private_link_endpoint_network_policies": false,
            "enforce_private_link_service_network_policies": false,
            "id": "/subscriptions/c810a66c-99ba-4a2b-9b4a-0ceacd9e1447/resourceGroups/vnetrg01/providers/Microsoft.Network/virtualNetworks/VNetA/subnets/Public_Subnet",
            "name": "Public_Subnet",
            "private_endpoint_network_policies_enabled": true,
            "private_link_service_network_policies_enabled": true,
            "resource_group_name": "vnetrg01",
            "service_endpoint_policy_ids": null,
            "service_endpoints": null,
            "timeouts": null,
            "virtual_network_name": "VNetA"
          },
          "sensitive_attributes": [],
          "private": "eyJlMmJmYjczMC1lY2FhLTExZTYtOGY4OC0zNDM2M2JjN2M0YzAiOnsiY3JlYXRlIjoxODAwMDAwMDAwMDAwLCJkZWxldGUiOjE4MDAwMDAwMDAwMDAsInJlYWQiOjMwMDAwMDAwMDAwMCwidXBkYXRlIjoxODAwMDAwMDAwMDAwfX0=",
          "dependencies": [
            "azurerm_resource_group.tf-vnetrg01",
            "azurerm_virtual_network.tf-vnet01"
          ]
        }
      ]
    },
    {
      "mode": "managed",
      "type": "azurerm_subnet",
      "name": "tf-sbt02",
      "provider": "provider[\"registry.terraform.io/hashicorp/azurerm\"]",
      "instances": [
        {
          "schema_version": 0,
          "attributes": {
            "address_prefixes": [
              "10.1.0.16/28"
            ],
            "delegation": [],
            "enforce_private_link_endpoint_network_policies": false,
            "enforce_private_link_service_network_policies": false,
            "id": "/subscriptions/c810a66c-99ba-4a2b-9b4a-0ceacd9e1447/resourceGroups/vnetrg01/providers/Microsoft.Network/virtualNetworks/VNetA/subnets/Private_Subnet",
            "name": "Private_Subnet",
            "private_endpoint_network_policies_enabled": true,
            "private_link_service_network_policies_enabled": true,
            "resource_group_name": "vnetrg01",
            "service_endpoint_policy_ids": null,
            "service_endpoints": null,
            "timeouts": null,
            "virtual_network_name": "VNetA"
          },
          "sensitive_attributes": [],
          "private": "eyJlMmJmYjczMC1lY2FhLTExZTYtOGY4OC0zNDM2M2JjN2M0YzAiOnsiY3JlYXRlIjoxODAwMDAwMDAwMDAwLCJkZWxldGUiOjE4MDAwMDAwMDAwMDAsInJlYWQiOjMwMDAwMDAwMDAwMCwidXBkYXRlIjoxODAwMDAwMDAwMDAwfX0=",
          "dependencies": [
            "azurerm_resource_group.tf-vnetrg01",
            "azurerm_virtual_network.tf-vnet01"
          ]
        }
      ]
    },
    {
      "mode": "managed",
      "type": "azurerm_subnet_network_security_group_association",
      "name": "tf-nsg_associate01",
      "provider": "provider[\"registry.terraform.io/hashicorp/azurerm\"]",
      "instances": [
        {
          "schema_version": 0,
          "attributes": {
            "id": "/subscriptions/c810a66c-99ba-4a2b-9b4a-0ceacd9e1447/resourceGroups/vnetrg01/providers/Microsoft.Network/virtualNetworks/VNetA/subnets/Public_Subnet",
            "network_security_group_id": "/subscriptions/c810a66c-99ba-4a2b-9b4a-0ceacd9e1447/resourceGroups/vnetrg01/providers/Microsoft.Network/networkSecurityGroups/tstwvm01_pub_nsg",
            "subnet_id": "/subscriptions/c810a66c-99ba-4a2b-9b4a-0ceacd9e1447/resourceGroups/vnetrg01/providers/Microsoft.Network/virtualNetworks/VNetA/subnets/Public_Subnet",
            "timeouts": null
          },
          "sensitive_attributes": [],
          "private": "eyJlMmJmYjczMC1lY2FhLTExZTYtOGY4OC0zNDM2M2JjN2M0YzAiOnsiY3JlYXRlIjoxODAwMDAwMDAwMDAwLCJkZWxldGUiOjE4MDAwMDAwMDAwMDAsInJlYWQiOjMwMDAwMDAwMDAwMCwidXBkYXRlIjoxODAwMDAwMDAwMDAwfX0=",
          "dependencies": [
            "azurerm_network_security_group.tf-nsg01",
            "azurerm_resource_group.tf-vnetrg01",
            "azurerm_subnet.tf-sbt01",
            "azurerm_virtual_network.tf-vnet01"
          ]
        }
      ]
    },
    {
      "mode": "managed",
      "type": "azurerm_subnet_network_security_group_association",
      "name": "tf-nsg_associate02",
      "provider": "provider[\"registry.terraform.io/hashicorp/azurerm\"]",
      "instances": [
        {
          "schema_version": 0,
          "attributes": {
            "id": "/subscriptions/c810a66c-99ba-4a2b-9b4a-0ceacd9e1447/resourceGroups/vnetrg01/providers/Microsoft.Network/virtualNetworks/VNetA/subnets/Private_Subnet",
            "network_security_group_id": "/subscriptions/c810a66c-99ba-4a2b-9b4a-0ceacd9e1447/resourceGroups/vnetrg01/providers/Microsoft.Network/networkSecurityGroups/tstwvm02_pri_nsg",
            "subnet_id": "/subscriptions/c810a66c-99ba-4a2b-9b4a-0ceacd9e1447/resourceGroups/vnetrg01/providers/Microsoft.Network/virtualNetworks/VNetA/subnets/Private_Subnet",
            "timeouts": null
          },
          "sensitive_attributes": [],
          "private": "eyJlMmJmYjczMC1lY2FhLTExZTYtOGY4OC0zNDM2M2JjN2M0YzAiOnsiY3JlYXRlIjoxODAwMDAwMDAwMDAwLCJkZWxldGUiOjE4MDAwMDAwMDAwMDAsInJlYWQiOjMwMDAwMDAwMDAwMCwidXBkYXRlIjoxODAwMDAwMDAwMDAwfX0=",
          "dependencies": [
            "azurerm_network_security_group.tf-nsg02",
            "azurerm_resource_group.tf-vnetrg01",
            "azurerm_subnet.tf-sbt02",
            "azurerm_virtual_network.tf-vnet01"
          ]
        }
      ]
    },
    {
      "mode": "managed",
      "type": "azurerm_virtual_machine_data_disk_attachment",
      "name": "tf-vm01dd01attach",
      "provider": "provider[\"registry.terraform.io/hashicorp/azurerm\"]",
      "instances": [
        {
          "schema_version": 0,
          "attributes": {
            "caching": "ReadWrite",
            "create_option": "Attach",
            "id": "/subscriptions/c810a66c-99ba-4a2b-9b4a-0ceacd9e1447/resourceGroups/tstvmrg/providers/Microsoft.Compute/virtualMachines/tstwvm01/dataDisks/tstwvm01-dd01",
            "lun": 0,
            "managed_disk_id": "/subscriptions/c810a66c-99ba-4a2b-9b4a-0ceacd9e1447/resourceGroups/tstvmrg/providers/Microsoft.Compute/disks/tstwvm01-dd01",
            "timeouts": null,
            "virtual_machine_id": "/subscriptions/c810a66c-99ba-4a2b-9b4a-0ceacd9e1447/resourceGroups/tstvmrg/providers/Microsoft.Compute/virtualMachines/tstwvm01",
            "write_accelerator_enabled": false
          },
          "sensitive_attributes": [],
          "private": "eyJlMmJmYjczMC1lY2FhLTExZTYtOGY4OC0zNDM2M2JjN2M0YzAiOnsiY3JlYXRlIjoxODAwMDAwMDAwMDAwLCJkZWxldGUiOjE4MDAwMDAwMDAwMDAsInJlYWQiOjMwMDAwMDAwMDAwMCwidXBkYXRlIjoxODAwMDAwMDAwMDAwfX0=",
          "dependencies": [
            "azurerm_managed_disk.tf-vm01dd01",
            "azurerm_network_interface.tf-vm01nic",
            "azurerm_public_ip.tf-vm01pubip",
            "azurerm_resource_group.tf-vmrg01",
            "azurerm_resource_group.tf-vnetrg01",
            "azurerm_subnet.tf-sbt01",
            "azurerm_virtual_network.tf-vnet01",
            "azurerm_windows_virtual_machine.tf-vm01"
          ]
        }
      ]
    },
    {
      "mode": "managed",
      "type": "azurerm_virtual_network",
      "name": "tf-vnet01",
      "provider": "provider[\"registry.terraform.io/hashicorp/azurerm\"]",
      "instances": [
        {
          "schema_version": 0,
          "attributes": {
            "address_space": [
              "10.1.0.0/16"
            ],
            "bgp_community": "",
            "ddos_protection_plan": [],
            "dns_servers": [],
            "edge_zone": "",
            "encryption": [],
            "flow_timeout_in_minutes": 0,
            "guid": "b57e4100-3d39-461e-846f-bab01cf3c685",
            "id": "/subscriptions/c810a66c-99ba-4a2b-9b4a-0ceacd9e1447/resourceGroups/vnetrg01/providers/Microsoft.Network/virtualNetworks/VNetA",
            "location": "centralus",
            "name": "VNetA",
            "resource_group_name": "vnetrg01",
            "subnet": [],
            "tags": {
              "Created by": "Terraform",
              "Env": "Testing",
              "Owner": "Shashank"
            },
            "timeouts": null
          },
          "sensitive_attributes": [],
          "private": "eyJlMmJmYjczMC1lY2FhLTExZTYtOGY4OC0zNDM2M2JjN2M0YzAiOnsiY3JlYXRlIjoxODAwMDAwMDAwMDAwLCJkZWxldGUiOjE4MDAwMDAwMDAwMDAsInJlYWQiOjMwMDAwMDAwMDAwMCwidXBkYXRlIjoxODAwMDAwMDAwMDAwfX0=",
          "dependencies": [
            "azurerm_resource_group.tf-vnetrg01"
          ]
        }
      ]
    },
    {
      "mode": "managed",
      "type": "azurerm_virtual_network",
      "name": "tf-vnet02",
      "provider": "provider[\"registry.terraform.io/hashicorp/azurerm\"]",
      "instances": [
        {
          "schema_version": 0,
          "attributes": {
            "address_space": [
              "10.2.0.0/16"
            ],
            "bgp_community": "",
            "ddos_protection_plan": [],
            "dns_servers": [],
            "edge_zone": "",
            "encryption": [],
            "flow_timeout_in_minutes": 0,
            "guid": "38e4c360-5209-452a-83f0-85762c94af2d",
            "id": "/subscriptions/c810a66c-99ba-4a2b-9b4a-0ceacd9e1447/resourceGroups/vnetrg01/providers/Microsoft.Network/virtualNetworks/VNetB",
            "location": "centralus",
            "name": "VNetB",
            "resource_group_name": "vnetrg01",
            "subnet": [],
            "tags": {
              "Created by": "Terraform",
              "Env": "Testing",
              "Owner": "Shashank"
            },
            "timeouts": null
          },
          "sensitive_attributes": [],
          "private": "eyJlMmJmYjczMC1lY2FhLTExZTYtOGY4OC0zNDM2M2JjN2M0YzAiOnsiY3JlYXRlIjoxODAwMDAwMDAwMDAwLCJkZWxldGUiOjE4MDAwMDAwMDAwMDAsInJlYWQiOjMwMDAwMDAwMDAwMCwidXBkYXRlIjoxODAwMDAwMDAwMDAwfX0=",
          "dependencies": [
            "azurerm_resource_group.tf-vnetrg01"
          ]
        }
      ]
    },
    {
      "mode": "managed",
      "type": "azurerm_virtual_network_peering",
      "name": "tf-vnetAtoVnetB",
      "provider": "provider[\"registry.terraform.io/hashicorp/azurerm\"]",
      "instances": [
        {
          "schema_version": 0,
          "attributes": {
            "allow_forwarded_traffic": false,
            "allow_gateway_transit": false,
            "allow_virtual_network_access": true,
            "id": "/subscriptions/c810a66c-99ba-4a2b-9b4a-0ceacd9e1447/resourceGroups/vnetrg01/providers/Microsoft.Network/virtualNetworks/VNetA/virtualNetworkPeerings/peervnetAtovnetB",
            "name": "peervnetAtovnetB",
            "remote_virtual_network_id": "/subscriptions/c810a66c-99ba-4a2b-9b4a-0ceacd9e1447/resourceGroups/vnetrg01/providers/Microsoft.Network/virtualNetworks/VNetB",
            "resource_group_name": "vnetrg01",
            "timeouts": null,
            "triggers": null,
            "use_remote_gateways": false,
            "virtual_network_name": "VNetA"
          },
          "sensitive_attributes": [],
          "private": "eyJlMmJmYjczMC1lY2FhLTExZTYtOGY4OC0zNDM2M2JjN2M0YzAiOnsiY3JlYXRlIjoxODAwMDAwMDAwMDAwLCJkZWxldGUiOjE4MDAwMDAwMDAwMDAsInJlYWQiOjMwMDAwMDAwMDAwMCwidXBkYXRlIjoxODAwMDAwMDAwMDAwfX0=",
          "dependencies": [
            "azurerm_resource_group.tf-vnetrg01",
            "azurerm_virtual_network.tf-vnet01",
            "azurerm_virtual_network.tf-vnet02"
          ]
        }
      ]
    },
    {
      "mode": "managed",
      "type": "azurerm_virtual_network_peering",
      "name": "tf-vnetBtoVnetA",
      "provider": "provider[\"registry.terraform.io/hashicorp/azurerm\"]",
      "instances": [
        {
          "schema_version": 0,
          "attributes": {
            "allow_forwarded_traffic": false,
            "allow_gateway_transit": false,
            "allow_virtual_network_access": true,
            "id": "/subscriptions/c810a66c-99ba-4a2b-9b4a-0ceacd9e1447/resourceGroups/vnetrg01/providers/Microsoft.Network/virtualNetworks/VNetB/virtualNetworkPeerings/peervnetBtovnetA",
            "name": "peervnetBtovnetA",
            "remote_virtual_network_id": "/subscriptions/c810a66c-99ba-4a2b-9b4a-0ceacd9e1447/resourceGroups/vnetrg01/providers/Microsoft.Network/virtualNetworks/VNetA",
            "resource_group_name": "vnetrg01",
            "timeouts": null,
            "triggers": null,
            "use_remote_gateways": false,
            "virtual_network_name": "VNetB"
          },
          "sensitive_attributes": [],
          "private": "eyJlMmJmYjczMC1lY2FhLTExZTYtOGY4OC0zNDM2M2JjN2M0YzAiOnsiY3JlYXRlIjoxODAwMDAwMDAwMDAwLCJkZWxldGUiOjE4MDAwMDAwMDAwMDAsInJlYWQiOjMwMDAwMDAwMDAwMCwidXBkYXRlIjoxODAwMDAwMDAwMDAwfX0=",
          "dependencies": [
            "azurerm_resource_group.tf-vnetrg01",
            "azurerm_virtual_network.tf-vnet01",
            "azurerm_virtual_network.tf-vnet02"
          ]
        }
      ]
    },
    {
      "mode": "managed",
      "type": "azurerm_windows_virtual_machine",
      "name": "tf-vm01",
      "provider": "provider[\"registry.terraform.io/hashicorp/azurerm\"]",
      "instances": [
        {
          "schema_version": 0,
          "attributes": {
            "additional_capabilities": [],
            "additional_unattend_content": [],
            "admin_password": "P@$$w0rd1234!",
            "admin_username": "adminuser",
            "allow_extension_operations": true,
            "availability_set_id": "",
            "boot_diagnostics": [],
            "bypass_platform_safety_checks_on_user_schedule_enabled": false,
            "capacity_reservation_group_id": "",
            "computer_name": "tstwvm01",
            "custom_data": null,
            "dedicated_host_group_id": "",
            "dedicated_host_id": "",
            "edge_zone": "",
            "enable_automatic_updates": true,
            "encryption_at_host_enabled": false,
            "eviction_policy": "",
            "extensions_time_budget": "PT1H30M",
            "gallery_application": [],
            "hotpatching_enabled": false,
            "id": "/subscriptions/c810a66c-99ba-4a2b-9b4a-0ceacd9e1447/resourceGroups/tstvmrg/providers/Microsoft.Compute/virtualMachines/tstwvm01",
            "identity": [],
            "license_type": "",
            "location": "centralus",
            "max_bid_price": -1,
            "name": "tstwvm01",
            "network_interface_ids": [
              "/subscriptions/c810a66c-99ba-4a2b-9b4a-0ceacd9e1447/resourceGroups/tstvmrg/providers/Microsoft.Network/networkInterfaces/tstwvm01-nic"
            ],
            "os_disk": [
              {
                "caching": "ReadWrite",
                "diff_disk_settings": [],
                "disk_encryption_set_id": "",
                "disk_size_gb": 127,
                "name": "tstwvm01-OsDisk",
                "secure_vm_disk_encryption_set_id": "",
                "security_encryption_type": "",
                "storage_account_type": "Standard_LRS",
                "write_accelerator_enabled": false
              }
            ],
            "patch_assessment_mode": "ImageDefault",
            "patch_mode": "AutomaticByOS",
            "plan": [],
            "platform_fault_domain": -1,
            "priority": "Regular",
            "private_ip_address": "10.1.0.4",
            "private_ip_addresses": [
              "10.1.0.4"
            ],
            "provision_vm_agent": true,
            "proximity_placement_group_id": "",
            "public_ip_address": "40.69.185.234",
            "public_ip_addresses": [
              "40.69.185.234"
            ],
            "reboot_setting": "",
            "resource_group_name": "tstvmrg",
            "secret": [],
            "secure_boot_enabled": false,
            "size": "Standard_B2ms",
            "source_image_id": "",
            "source_image_reference": [
              {
                "offer": "WindowsServer",
                "publisher": "MicrosoftWindowsServer",
                "sku": "2016-Datacenter",
                "version": "latest"
              }
            ],
            "tags": null,
            "termination_notification": null,
            "timeouts": null,
            "timezone": "",
            "user_data": "",
            "virtual_machine_id": "d85ecc55-53da-4004-a1a2-2ec936a4e51c",
            "virtual_machine_scale_set_id": "",
            "vtpm_enabled": false,
            "winrm_listener": [],
            "zone": ""
          },
          "sensitive_attributes": [],
          "private": "eyJlMmJmYjczMC1lY2FhLTExZTYtOGY4OC0zNDM2M2JjN2M0YzAiOnsiY3JlYXRlIjoyNzAwMDAwMDAwMDAwLCJkZWxldGUiOjI3MDAwMDAwMDAwMDAsInJlYWQiOjMwMDAwMDAwMDAwMCwidXBkYXRlIjoyNzAwMDAwMDAwMDAwfX0=",
          "dependencies": [
            "azurerm_network_interface.tf-vm01nic",
            "azurerm_public_ip.tf-vm01pubip",
            "azurerm_resource_group.tf-vmrg01",
            "azurerm_resource_group.tf-vnetrg01",
            "azurerm_subnet.tf-sbt01",
            "azurerm_virtual_network.tf-vnet01"
          ]
        }
      ]
    },
    {
      "mode": "managed",
      "type": "azurerm_windows_virtual_machine",
      "name": "tf-vm02",
      "provider": "provider[\"registry.terraform.io/hashicorp/azurerm\"]",
      "instances": [
        {
          "schema_version": 0,
          "attributes": {
            "additional_capabilities": [],
            "additional_unattend_content": [],
            "admin_password": "P@$$w0rd1234!",
            "admin_username": "adminuser",
            "allow_extension_operations": true,
            "availability_set_id": "",
            "boot_diagnostics": [],
            "bypass_platform_safety_checks_on_user_schedule_enabled": false,
            "capacity_reservation_group_id": "",
            "computer_name": "tstwvm02",
            "custom_data": null,
            "dedicated_host_group_id": "",
            "dedicated_host_id": "",
            "edge_zone": "",
            "enable_automatic_updates": true,
            "encryption_at_host_enabled": false,
            "eviction_policy": "",
            "extensions_time_budget": "PT1H30M",
            "gallery_application": [],
            "hotpatching_enabled": false,
            "id": "/subscriptions/c810a66c-99ba-4a2b-9b4a-0ceacd9e1447/resourceGroups/tstvmrg/providers/Microsoft.Compute/virtualMachines/tstwvm02",
            "identity": [],
            "license_type": "",
            "location": "centralus",
            "max_bid_price": -1,
            "name": "tstwvm02",
            "network_interface_ids": [
              "/subscriptions/c810a66c-99ba-4a2b-9b4a-0ceacd9e1447/resourceGroups/tstvmrg/providers/Microsoft.Network/networkInterfaces/tstwvm02-nic"
            ],
            "os_disk": [
              {
                "caching": "ReadWrite",
                "diff_disk_settings": [],
                "disk_encryption_set_id": "",
                "disk_size_gb": 127,
                "name": "tstwvm02-OsDisk",
                "secure_vm_disk_encryption_set_id": "",
                "security_encryption_type": "",
                "storage_account_type": "Standard_LRS",
                "write_accelerator_enabled": false
              }
            ],
            "patch_assessment_mode": "ImageDefault",
            "patch_mode": "AutomaticByOS",
            "plan": [],
            "platform_fault_domain": -1,
            "priority": "Regular",
            "private_ip_address": "10.1.0.20",
            "private_ip_addresses": [
              "10.1.0.20"
            ],
            "provision_vm_agent": true,
            "proximity_placement_group_id": "",
            "public_ip_address": "",
            "public_ip_addresses": [],
            "reboot_setting": "",
            "resource_group_name": "tstvmrg",
            "secret": [],
            "secure_boot_enabled": false,
            "size": "Standard_B2ms",
            "source_image_id": "",
            "source_image_reference": [
              {
                "offer": "WindowsServer",
                "publisher": "MicrosoftWindowsServer",
                "sku": "2016-Datacenter",
                "version": "latest"
              }
            ],
            "tags": null,
            "termination_notification": null,
            "timeouts": null,
            "timezone": "",
            "user_data": "",
            "virtual_machine_id": "159833fb-a338-4325-8148-9fed6a9ba634",
            "virtual_machine_scale_set_id": "",
            "vtpm_enabled": false,
            "winrm_listener": [],
            "zone": ""
          },
          "sensitive_attributes": [],
          "private": "eyJlMmJmYjczMC1lY2FhLTExZTYtOGY4OC0zNDM2M2JjN2M0YzAiOnsiY3JlYXRlIjoyNzAwMDAwMDAwMDAwLCJkZWxldGUiOjI3MDAwMDAwMDAwMDAsInJlYWQiOjMwMDAwMDAwMDAwMCwidXBkYXRlIjoyNzAwMDAwMDAwMDAwfX0=",
          "dependencies": [
            "azurerm_network_interface.tf-vm02nic",
            "azurerm_resource_group.tf-vmrg01",
            "azurerm_resource_group.tf-vnetrg01",
            "azurerm_subnet.tf-sbt02",
            "azurerm_virtual_network.tf-vnet01"
          ]
        }
      ]
    }
  ],
  "check_results": null
}
